
Microsoft Visual Studio Solution File, Format Version 12.00
# Visual Studio 15
VisualStudioVersion = 15.0.28010.2016
MinimumVisualStudioVersion = 10.0.40219.1
Project("{9A19103F-16F7-4668-BE54-9A1E7A4F7556}") = "CompoundSpider", "CompoundSpider\CompoundSpider.csproj", "{6409A9A8-DB63-4989-B17D-B047B008AAD8}"
EndProject
Global
	GlobalSection(SolutionConfigurationPlatforms) = preSolution
		Debug|Any CPU = Debug|Any CPU
		Release|Any CPU = Release|Any CPU
	EndGlobalSection
	GlobalSection(ProjectConfigurationPlatforms) = postSolution
		{6409A9A8-DB63-4989-B17D-B047B008AAD8}.Debug|Any CPU.ActiveCfg = Debug|Any CPU
		{6409A9A8-DB63-4989-B17D-B047B008AAD8}.Debug|Any CPU.Build.0 = Debug|Any CPU
		{6409A9A8-DB63-4989-B17D-B047B008AAD8}.Release|Any CPU.ActiveCfg = Release|Any CPU
		{6409A9A8-DB63-4989-B17D-B047B008AAD8}.Release|Any CPU.Build.0 = Release|Any CPU
	EndGlobalSection
	GlobalSection(SolutionProperties) = preSolution
		HideSolutionNode = FALSE
	EndGlobalSection
	GlobalSection(ExtensibilityGlobals) = postSolution
		SolutionGuid = {12E33823-AB95-448D-90F7-ED92FDAEB310}
	EndGlobalSection
EndGlobal
